
Microsoft Visual Studio Solution File, Format Version 12.00
# Visual Studio Version 17
VisualStudioVersion = 17.13.35806.99
MinimumVisualStudioVersion = 10.0.40219.1
Project("{FAE04EC0-301F-11D3-BF4B-00C04F79EFBC}") = "Domain", "Domain\Domain.csproj", "{05A0A00A-C538-44C2-B855-D2452C97E1FA}"
EndProject
Project("{FAE04EC0-301F-11D3-BF4B-00C04F79EFBC}") = "Infrastructure", "Infrastructure\Infrastructure.csproj", "{2A7EB6D3-4E68-44FF-8433-AB5BE01E544F}"
EndProject
Project("{FAE04EC0-301F-11D3-BF4B-00C04F79EFBC}") = "Application", "Application\Application.csproj", "{8AAFB795-1485-49A8-9F83-548CC5888A83}"
EndProject
Project("{FAE04EC0-301F-11D3-BF4B-00C04F79EFBC}") = "DomainTest", "DomainTest\DomainTest.csproj", "{82A39160-022A-48F7-9F2D-FDE2356F117D}"
EndProject
Project("{FAE04EC0-301F-11D3-BF4B-00C04F79EFBC}") = "ApplicationTest", "ApplicationTest\ApplicationTest.csproj", "{7FA332B1-6AB6-46BD-9CDD-B401D561642F}"
EndProject
Project("{FAE04EC0-301F-11D3-BF4B-00C04F79EFBC}") = "WebAPI", "WebAPI\WebAPI.csproj", "{AB91495D-97A5-4336-8030-B55B69AFCAFB}"
EndProject
Project("{2150E333-8FDC-42A3-9474-1A3956D46DE8}") = "Solution Items", "Solution Items", "{458B59C6-004D-4D27-A3B1-2B94E94BCDFB}"
	ProjectSection(SolutionItems) = preProject
		compose.yaml = compose.yaml
	EndProjectSection
EndProject
Global
	GlobalSection(SolutionConfigurationPlatforms) = preSolution
		Debug|Any CPU = Debug|Any CPU
		Release|Any CPU = Release|Any CPU
	EndGlobalSection
	GlobalSection(ProjectConfigurationPlatforms) = postSolution
		{05A0A00A-C538-44C2-B855-D2452C97E1FA}.Debug|Any CPU.ActiveCfg = Debug|Any CPU
		{05A0A00A-C538-44C2-B855-D2452C97E1FA}.Debug|Any CPU.Build.0 = Debug|Any CPU
		{05A0A00A-C538-44C2-B855-D2452C97E1FA}.Release|Any CPU.ActiveCfg = Release|Any CPU
		{05A0A00A-C538-44C2-B855-D2452C97E1FA}.Release|Any CPU.Build.0 = Release|Any CPU
		{2A7EB6D3-4E68-44FF-8433-AB5BE01E544F}.Debug|Any CPU.ActiveCfg = Debug|Any CPU
		{2A7EB6D3-4E68-44FF-8433-AB5BE01E544F}.Debug|Any CPU.Build.0 = Debug|Any CPU
		{2A7EB6D3-4E68-44FF-8433-AB5BE01E544F}.Release|Any CPU.ActiveCfg = Release|Any CPU
		{2A7EB6D3-4E68-44FF-8433-AB5BE01E544F}.Release|Any CPU.Build.0 = Release|Any CPU
		{8AAFB795-1485-49A8-9F83-548CC5888A83}.Debug|Any CPU.ActiveCfg = Debug|Any CPU
		{8AAFB795-1485-49A8-9F83-548CC5888A83}.Debug|Any CPU.Build.0 = Debug|Any CPU
		{8AAFB795-1485-49A8-9F83-548CC5888A83}.Release|Any CPU.ActiveCfg = Release|Any CPU
		{8AAFB795-1485-49A8-9F83-548CC5888A83}.Release|Any CPU.Build.0 = Release|Any CPU
		{82A39160-022A-48F7-9F2D-FDE2356F117D}.Debug|Any CPU.ActiveCfg = Debug|Any CPU
		{82A39160-022A-48F7-9F2D-FDE2356F117D}.Debug|Any CPU.Build.0 = Debug|Any CPU
		{82A39160-022A-48F7-9F2D-FDE2356F117D}.Release|Any CPU.ActiveCfg = Release|Any CPU
		{82A39160-022A-48F7-9F2D-FDE2356F117D}.Release|Any CPU.Build.0 = Release|Any CPU
		{7FA332B1-6AB6-46BD-9CDD-B401D561642F}.Debug|Any CPU.ActiveCfg = Debug|Any CPU
		{7FA332B1-6AB6-46BD-9CDD-B401D561642F}.Debug|Any CPU.Build.0 = Debug|Any CPU
		{7FA332B1-6AB6-46BD-9CDD-B401D561642F}.Release|Any CPU.ActiveCfg = Release|Any CPU
		{7FA332B1-6AB6-46BD-9CDD-B401D561642F}.Release|Any CPU.Build.0 = Release|Any CPU
		{AB91495D-97A5-4336-8030-B55B69AFCAFB}.Debug|Any CPU.ActiveCfg = Debug|Any CPU
		{AB91495D-97A5-4336-8030-B55B69AFCAFB}.Debug|Any CPU.Build.0 = Debug|Any CPU
		{AB91495D-97A5-4336-8030-B55B69AFCAFB}.Release|Any CPU.ActiveCfg = Release|Any CPU
		{AB91495D-97A5-4336-8030-B55B69AFCAFB}.Release|Any CPU.Build.0 = Release|Any CPU
	EndGlobalSection
	GlobalSection(SolutionProperties) = preSolution
		HideSolutionNode = FALSE
	EndGlobalSection
	GlobalSection(ExtensibilityGlobals) = postSolution
		SolutionGuid = {945A7E11-6A4A-414C-A9D8-228EFB1759F3}
	EndGlobalSection
EndGlobal
